// !$*UTF8*$!
{
	archiveVersion = 1;
	classes = {
	};
	objectVersion = 46;
	objects = {

/* Begin PBXBuildFile section */
		6F0D711A1CCF0B8F002ECC88 /* AppDelegate.swift in Sources */ = {isa = PBXBuildFile; fileRef = 6F0D71191CCF0B8F002ECC88 /* AppDelegate.swift */; };
		6F0D711C1CCF0B8F002ECC88 /* MasterViewController.swift in Sources */ = {isa = PBXBuildFile; fileRef = 6F0D711B1CCF0B8F002ECC88 /* MasterViewController.swift */; };
		6F0D711E1CCF0B8F002ECC88 /* DetailViewController.swift in Sources */ = {isa = PBXBuildFile; fileRef = 6F0D711D1CCF0B8F002ECC88 /* DetailViewController.swift */; };
		6F0D71211CCF0B8F002ECC88 /* Main.storyboard in Resources */ = {isa = PBXBuildFile; fileRef = 6F0D711F1CCF0B8F002ECC88 /* Main.storyboard */; };
		6F0D71231CCF0B8F002ECC88 /* Assets.xcassets in Resources */ = {isa = PBXBuildFile; fileRef = 6F0D71221CCF0B8F002ECC88 /* Assets.xcassets */; };
		6F0D71261CCF0B8F002ECC88 /* LaunchScreen.storyboard in Resources */ = {isa = PBXBuildFile; fileRef = 6F0D71241CCF0B8F002ECC88 /* LaunchScreen.storyboard */; };
		6F0D71301CCF0CEA002ECC88 /* UIScrollView+EmptyDataSet.m in Sources */ = {isa = PBXBuildFile; fileRef = 6F0D712F1CCF0CEA002ECC88 /* UIScrollView+EmptyDataSet.m */; };
/* End PBXBuildFile section */

/* Begin PBXFileReference section */
		6F0D71161CCF0B8F002ECC88 /* EmptyStateExample.app */ = {isa = PBXFileReference; explicitFileType = wrapper.application; includeInIndex = 0; path = EmptyStateExample.app; sourceTree = BUILT_PRODUCTS_DIR; };
		6F0D71191CCF0B8F002ECC88 /* AppDelegate.swift */ = {isa = PBXFileReference; lastKnownFileType = sourcecode.swift; path = AppDelegate.swift; sourceTree = "<group>"; };
		6F0D711B1CCF0B8F002ECC88 /* MasterViewController.swift */ = {isa = PBXFileReference; lastKnownFileType = sourcecode.swift; path = MasterViewController.swift; sourceTree = "<group>"; };
		6F0D711D1CCF0B8F002ECC88 /* DetailViewController.swift */ = {isa = PBXFileReference; lastKnownFileType = sourcecode.swift; path = DetailViewController.swift; sourceTree = "<group>"; };
		6F0D71201CCF0B8F002ECC88 /* Base */ = {isa = PBXFileReference; lastKnownFileType = file.storyboard; name = Base; path = Base.lproj/Main.storyboard; sourceTree = "<group>"; };
		6F0D71221CCF0B8F002ECC88 /* Assets.xcassets */ = {isa = PBXFileReference; lastKnownFileType = folder.assetcatalog; path = Assets.xcassets; sourceTree = "<group>"; };
		6F0D71251CCF0B8F002ECC88 /* Base */ = {isa = PBXFileReference; lastKnownFileType = file.storyboard; name = Base; path = Base.lproj/LaunchScreen.storyboard; sourceTree = "<group>"; };
		6F0D71271CCF0B8F002ECC88 /* Info.plist */ = {isa = PBXFileReference; lastKnownFileType = text.plist.xml; path = Info.plist; sourceTree = "<group>"; };
		6F0D712D1CCF0CEA002ECC88 /* EmptyStateExample-Bridging-Header.h */ = {isa = PBXFileReference; lastKnownFileType = sourcecode.c.h; path = "EmptyStateExample-Bridging-Header.h"; sourceTree = "<group>"; };
		6F0D712E1CCF0CEA002ECC88 /* UIScrollView+EmptyDataSet.h */ = {isa = PBXFileReference; fileEncoding = 4; lastKnownFileType = sourcecode.c.h; name = "UIScrollView+EmptyDataSet.h"; path = "../../../Downloads/DZNEmptyDataSet-master/Source/UIScrollView+EmptyDataSet.h"; sourceTree = "<group>"; };
		6F0D712F1CCF0CEA002ECC88 /* UIScrollView+EmptyDataSet.m */ = {isa = PBXFileReference; fileEncoding = 4; lastKnownFileType = sourcecode.c.objc; name = "UIScrollView+EmptyDataSet.m"; path = "../../../Downloads/DZNEmptyDataSet-master/Source/UIScrollView+EmptyDataSet.m"; sourceTree = "<group>"; };
/* End PBXFileReference section */

/* Begin PBXFrameworksBuildPhase section */
		6F0D71131CCF0B8F002ECC88 /* Frameworks */ = {
			isa = PBXFrameworksBuildPhase;
			buildActionMask = 2147483647;
			files = (
			);
			runOnlyForDeploymentPostprocessing = 0;
		};
/* End PBXFrameworksBuildPhase section */

/* Begin PBXGroup section */
		6F0D710D1CCF0B8F002ECC88 = {
			isa = PBXGroup;
			children = (
				6F0D71181CCF0B8F002ECC88 /* EmptyStateExample */,
				6F0D71171CCF0B8F002ECC88 /* Products */,
			);
			sourceTree = "<group>";
		};
		6F0D71171CCF0B8F002ECC88 /* Products */ = {
			isa = PBXGroup;
			children = (
				6F0D71161CCF0B8F002ECC88 /* EmptyStateExample.app */,
			);
			name = Products;
			sourceTree = "<group>";
		};
		6F0D71181CCF0B8F002ECC88 /* EmptyStateExample */ = {
			isa = PBXGroup;
			children = (
				6F0D712E1CCF0CEA002ECC88 /* UIScrollView+EmptyDataSet.h */,
				6F0D712F1CCF0CEA002ECC88 /* UIScrollView+EmptyDataSet.m */,
				6F0D71191CCF0B8F002ECC88 /* AppDelegate.swift */,
				6F0D711B1CCF0B8F002ECC88 /* MasterViewController.swift */,
				6F0D711D1CCF0B8F002ECC88 /* DetailViewController.swift */,
				6F0D711F1CCF0B8F002ECC88 /* Main.storyboard */,
				6F0D71221CCF0B8F002ECC88 /* Assets.xcassets */,
				6F0D71241CCF0B8F002ECC88 /* LaunchScreen.storyboard */,
				6F0D71271CCF0B8F002ECC88 /* Info.plist */,
				6F0D712D1CCF0CEA002ECC88 /* EmptyStateExample-Bridging-Header.h */,
			);
			path = EmptyStateExample;
			sourceTree = "<group>";
		};
/* End PBXGroup section */

/* Begin PBXNativeTarget section */
		6F0D71151CCF0B8F002ECC88 /* EmptyStateExample */ = {
			isa = PBXNativeTarget;
			buildConfigurationList = 6F0D712A1CCF0B8F002ECC88 /* Build configuration list for PBXNativeTarget "EmptyStateExample" */;
			buildPhases = (
				6F0D71121CCF0B8F002ECC88 /* Sources */,
				6F0D71131CCF0B8F002ECC88 /* Frameworks */,
				6F0D71141CCF0B8F002ECC88 /* Resources */,
			);
			buildRules = (
			);
			dependencies = (
			);
			name = EmptyStateExample;
			productName = EmptyStateExample;
			productReference = 6F0D71161CCF0B8F002ECC88 /* EmptyStateExample.app */;
			productType = "com.apple.product-type.application";
		};
/* End PBXNativeTarget section */

/* Begin PBXProject section */
		6F0D710E1CCF0B8F002ECC88 /* Project object */ = {
			isa = PBXProject;
			attributes = {
				LastSwiftUpdateCheck = 0730;
				LastUpgradeCheck = 0730;
				ORGANIZATIONNAME = "Hino Banzon";
				TargetAttributes = {
					6F0D71151CCF0B8F002ECC88 = {
						CreatedOnToolsVersion = 7.3;
					};
				};
			};
			buildConfigurationList = 6F0D71111CCF0B8F002ECC88 /* Build configuration list for PBXProject "EmptyStateExample" */;
			compatibilityVersion = "Xcode 3.2";
			developmentRegion = English;
			hasScannedForEncodings = 0;
			knownRegions = (
				en,
				Base,
			);
			mainGroup = 6F0D710D1CCF0B8F002ECC88;
			productRefGroup = 6F0D71171CCF0B8F002ECC88 /* Products */;
			projectDirPath = "";
			projectRoot = "";
			targets = (
				6F0D71151CCF0B8F002ECC88 /* EmptyStateExample */,
			);
		};
/* End PBXProject section */

/* Begin PBXResourcesBuildPhase section */
		6F0D71141CCF0B8F002ECC88 /* Resources */ = {
			isa = PBXResourcesBuildPhase;
			buildActionMask = 2147483647;
			files = (
				6F0D71261CCF0B8F002ECC88 /* LaunchScreen.storyboard in Resources */,
				6F0D71231CCF0B8F002ECC88 /* Assets.xcassets in Resources */,
				6F0D71211CCF0B8F002ECC88 /* Main.storyboard in Resources */,
			);
			runOnlyForDeploymentPostprocessing = 0;
		};
/* End PBXResourcesBuildPhase section */

/* Begin PBXSourcesBuildPhase section */
		6F0D71121CCF0B8F002ECC88 /* Sources */ = {
			isa = PBXSourcesBuildPhase;
			buildActionMask = 2147483647;
			files = (
				6F0D711E1CCF0B8F002ECC88 /* DetailViewController.swift in Sources */,
				6F0D711C1CCF0B8F002ECC88 /* MasterViewController.swift in Sources */,
				6F0D71301CCF0CEA002ECC88 /* UIScrollView+EmptyDataSet.m in Sources */,
				6F0D711A1CCF0B8F002ECC88 /* AppDelegate.swift in Sources */,
			);
			runOnlyForDeploymentPostprocessing = 0;
		};
/* End PBXSourcesBuildPhase section */

/* Begin PBXVariantGroup section */
		6F0D711F1CCF0B8F002ECC88 /* Main.storyboard */ = {
			isa = PBXVariantGroup;
			children = (
				6F0D71201CCF0B8F002ECC88 /* Base */,
			);
			name = Main.storyboard;
			sourceTree = "<group>";
		};
		6F0D71241CCF0B8F002ECC88 /* LaunchScreen.storyboard */ = {
			isa = PBXVariantGroup;
			children = (
				6F0D71251CCF0B8F002ECC88 /* Base */,
			);
			name = LaunchScreen.storyboard;
			sourceTree = "<group>";
		};
/* End PBXVariantGroup section */

/* Begin XCBuildConfiguration section */
		6F0D71281CCF0B8F002ECC88 /* Debug */ = {
			isa = XCBuildConfiguration;
			buildSettings = {
				ALWAYS_SEARCH_USER_PATHS = NO;
				CLANG_ANALYZER_NONNULL = YES;
				CLANG_CXX_LANGUAGE_STANDARD = "gnu++0x";
				CLANG_CXX_LIBRARY = "libc++";
				CLANG_ENABLE_MODULES = YES;
				CLANG_ENABLE_OBJC_ARC = YES;
				CLANG_WARN_BOOL_CONVERSION = YES;
				CLANG_WARN_CONSTANT_CONVERSION = YES;
				CLANG_WARN_DIRECT_OBJC_ISA_USAGE = YES_ERROR;
				CLANG_WARN_EMPTY_BODY = YES;
				CLANG_WARN_ENUM_CONVERSION = YES;
				CLANG_WARN_INT_CONVERSION = YES;
				CLANG_WARN_OBJC_ROOT_CLASS = YES_ERROR;
				CLANG_WARN_UNREACHABLE_CODE = YES;
				CLANG_WARN__DUPLICATE_METHOD_MATCH = YES;
				"CODE_SIGN_IDENTITY[sdk=iphoneos*]" = "iPhone Developer";
				COPY_PHASE_STRIP = NO;
				DEBUG_INFORMATION_FORMAT = dwarf;
				ENABLE_STRICT_OBJC_MSGSEND = YES;
				ENABLE_TESTABILITY = YES;
				GCC_C_LANGUAGE_STANDARD = gnu99;
				GCC_DYNAMIC_NO_PIC = NO;
				GCC_NO_COMMON_BLOCKS = YES;
				GCC_OPTIMIZATION_LEVEL = 0;
				GCC_PREPROCESSOR_DEFINITIONS = (
					"DEBUG=1",
					"$(inherited)",
				);
				GCC_WARN_64_TO_32_BIT_CONVERSION = YES;
				GCC_WARN_ABOUT_RETURN_TYPE = YES_ERROR;
				GCC_WARN_UNDECLARED_SELECTOR = YES;
				GCC_WARN_UNINITIALIZED_AUTOS = YES_AGGRESSIVE;
				GCC_WARN_UNUSED_FUNCTION = YES;
				GCC_WARN_UNUSED_VARIABLE = YES;
				IPHONEOS_DEPLOYMENT_TARGET = 9.3;
				MTL_ENABLE_DEBUG_INFO = YES;
				ONLY_ACTIVE_ARCH = YES;
				SDKROOT = iphoneos;
				SWIFT_OPTIMIZATION_LEVEL = "-Onone";
				TARGETED_DEVICE_FAMILY = "1,2";
			};
			name = Debug;
		};
		6F0D71291CCF0B8F002ECC88 /* Release */ = {
			isa = XCBuildConfiguration;
			buildSettings = {
				ALWAYS_SEARCH_USER_PATHS = NO;
				CLANG_ANALYZER_NONNULL = YES;
				CLANG_CXX_LANGUAGE_STANDARD = "gnu++0x";
				CLANG_CXX_LIBRARY = "libc++";
				CLANG_ENABLE_MODULES = YES;
				CLANG_ENABLE_OBJC_ARC = YES;
				CLANG_WARN_BOOL_CONVERSION = YES;
				CLANG_WARN_CONSTANT_CONVERSION = YES;
				CLANG_WARN_DIRECT_OBJC_ISA_USAGE = YES_ERROR;
				CLANG_WARN_EMPTY_BODY = YES;
				CLANG_WARN_ENUM_CONVERSION = YES;
				CLANG_WARN_INT_CONVERSION = YES;
				CLANG_WARN_OBJC_ROOT_CLASS = YES_ERROR;
				CLANG_WARN_UNREACHABLE_CODE = YES;
				CLANG_WARN__DUPLICATE_METHOD_MATCH = YES;
				"CODE_SIGN_IDENTITY[sdk=iphoneos*]" = "iPhone Developer";
				COPY_PHASE_STRIP = NO;
				DEBUG_INFORMATION_FORMAT = "dwarf-with-dsym";
				ENABLE_NS_ASSERTIONS = NO;
				ENABLE_STRICT_OBJC_MSGSEND = YES;
				GCC_C_LANGUAGE_STANDARD = gnu99;
				GCC_NO_COMMON_BLOCKS = YES;
				GCC_WARN_64_TO_32_BIT_CONVERSION = YES;
				GCC_WARN_ABOUT_RETURN_TYPE = YES_ERROR;
				GCC_WARN_UNDECLARED_SELECTOR = YES;
				GCC_WARN_UNINITIALIZED_AUTOS = YES_AGGRESSIVE;
				GCC_WARN_UNUSED_FUNCTION = YES;
				GCC_WARN_UNUSED_VARIABLE = YES;
				IPHONEOS_DEPLOYMENT_TARGET = 9.3;
				MTL_ENABLE_DEBUG_INFO = NO;
				SDKROOT = iphoneos;
				TARGETED_DEVICE_FAMILY = "1,2";
				VALIDATE_PRODUCT = YES;
			};
			name = Release;
		};
		6F0D712B1CCF0B8F002ECC88 /* Debug */ = {
			isa = XCBuildConfiguration;
			buildSettings = {
				ASSETCATALOG_COMPILER_APPICON_NAME = AppIcon;
				CLANG_ENABLE_MODULES = YES;
				INFOPLIST_FILE = EmptyStateExample/Info.plist;
				LD_RUNPATH_SEARCH_PATHS = "$(inherited) @executable_path/Frameworks";
				PRODUCT_BUNDLE_IDENTIFIER = com.hino.EmptyStateExample;
				PRODUCT_NAME = "$(TARGET_NAME)";
				SWIFT_OBJC_BRIDGING_HEADER = "EmptyStateExample/EmptyStateExample-Bridging-Header.h";
				SWIFT_OPTIMIZATION_LEVEL = "-Onone";
			};
			name = Debug;
		};
		6F0D712C1CCF0B8F002ECC88 /* Release */ = {
			isa = XCBuildConfiguration;
			buildSettings = {
				ASSETCATALOG_COMPILER_APPICON_NAME = AppIcon;
				CLANG_ENABLE_MODULES = YES;
				INFOPLIST_FILE = EmptyStateExample/Info.plist;
				LD_RUNPATH_SEARCH_PATHS = "$(inherited) @executable_path/Frameworks";
				PRODUCT_BUNDLE_IDENTIFIER = com.hino.EmptyStateExample;
				PRODUCT_NAME = "$(TARGET_NAME)";
				SWIFT_OBJC_BRIDGING_HEADER = "EmptyStateExample/EmptyStateExample-Bridging-Header.h";
			};
			name = Release;
		};
/* End XCBuildConfiguration section */

/* Begin XCConfigurationList section */
		6F0D71111CCF0B8F002ECC88 /* Build configuration list for PBXProject "EmptyStateExample" */ = {
			isa = XCConfigurationList;
			buildConfigurations = (
				6F0D71281CCF0B8F002ECC88 /* Debug */,
				6F0D71291CCF0B8F002ECC88 /* Release */,
			);
			defaultConfigurationIsVisible = 0;
			defaultConfigurationName = Release;
		};
		6F0D712A1CCF0B8F002ECC88 /* Build configuration list for PBXNativeTarget "EmptyStateExample" */ = {
			isa = XCConfigurationList;
			buildConfigurations = (
				6F0D712B1CCF0B8F002ECC88 /* Debug */,
				6F0D712C1CCF0B8F002ECC88 /* Release */,
			);
			defaultConfigurationIsVisible = 0;
		};
/* End XCConfigurationList section */
	};
	rootObject = 6F0D710E1CCF0B8F002ECC88 /* Project object */;
}
